
Microsoft Visual Studio Solution File, Format Version 12.00
# Visual Studio Version 17
VisualStudioVersion = 17.0.32014.148
MinimumVisualStudioVersion = 10.0.40219.1
Project("{2150E333-8FDC-42A3-9474-1A3956D46DE8}") = "Solution Items", "Solution Items", "{613D5FC1-386A-48CA-AB9E-A99DD1F9786B}"
	ProjectSection(SolutionItems) = preProject
		global.json = global.json
	EndProjectSection
EndProject
Project("{2150E333-8FDC-42A3-9474-1A3956D46DE8}") = "src", "src", "{80EB5DBA-B7D5-493A-BAE2-F3F562353D26}"
EndProject
Project("{2150E333-8FDC-42A3-9474-1A3956D46DE8}") = "BuildingBlocks", "BuildingBlocks", "{B4285060-DD24-4BF1-AF41-C5D2E7EFC686}"
EndProject
Project("{2150E333-8FDC-42A3-9474-1A3956D46DE8}") = "WebApps", "WebApps", "{2457BEA9-A185-4563-AF29-D41E613761E4}"
EndProject
Project("{2150E333-8FDC-42A3-9474-1A3956D46DE8}") = "Services", "Services", "{36EE3A12-A6B8-460C-9255-7B58B82DBC8C}"
EndProject
Project("{2150E333-8FDC-42A3-9474-1A3956D46DE8}") = "test", "test", "{F0EB61DE-371C-46F5-B319-7368BD882DF1}"
EndProject
Project("{2150E333-8FDC-42A3-9474-1A3956D46DE8}") = "ApiGateways", "ApiGateways", "{139C8B75-3666-4775-AD9A-861705D1C544}"
EndProject
Project("{2150E333-8FDC-42A3-9474-1A3956D46DE8}") = "Basket", "Basket", "{B16E64B0-F9C8-4B4A-AC93-13D1599B61CE}"
EndProject
Project("{2150E333-8FDC-42A3-9474-1A3956D46DE8}") = "Customer", "Customer", "{0FF10B7D-2FCD-4E45-8406-77CECA216A98}"
EndProject
Project("{2150E333-8FDC-42A3-9474-1A3956D46DE8}") = "Ordering", "Ordering", "{1B3BB53A-1D72-435A-B69B-EF94A8B50235}"
EndProject
Project("{2150E333-8FDC-42A3-9474-1A3956D46DE8}") = "Product", "Product", "{D641CCD0-36C6-41FE-9CB3-BFECAFF68837}"
EndProject
Project("{2150E333-8FDC-42A3-9474-1A3956D46DE8}") = "Inventory", "Inventory", "{B77D52E1-185C-4829-AA3B-CEB93364D8BC}"
EndProject
Project("{2150E333-8FDC-42A3-9474-1A3956D46DE8}") = "ScheduledJob", "ScheduledJob", "{F70F29C8-C7E5-4D5D-8563-F8EC4DF88C2D}"
EndProject
Project("{9A19103F-16F7-4668-BE54-9A1E7A4F7556}") = "OcelotApiGw", "src\ApiGateways\OcelotApiGw\OcelotApiGw.csproj", "{9E6ABF68-1FCA-4401-B0BA-BE5A0DD14CCD}"
EndProject
Project("{9A19103F-16F7-4668-BE54-9A1E7A4F7556}") = "Common.Logging", "src\BuildingBlocks\Common.Logging\Common.Logging.csproj", "{12E38D61-B298-4E1D-98F9-16C04A4AF2B4}"
EndProject
Project("{9A19103F-16F7-4668-BE54-9A1E7A4F7556}") = "Contracts", "src\BuildingBlocks\Contracts\Contracts.csproj", "{27B4BB60-FBC8-483E-B183-8E02B5DC563D}"
EndProject
Project("{9A19103F-16F7-4668-BE54-9A1E7A4F7556}") = "EventBus.Messages", "src\BuildingBlocks\EventBus.Messages\EventBus.Messages.csproj", "{6DB5310C-7236-4F27-83A5-071BDF02E056}"
EndProject
Project("{9A19103F-16F7-4668-BE54-9A1E7A4F7556}") = "Infrastructure", "src\BuildingBlocks\Infrastructure\Infrastructure.csproj", "{47407B15-2DFF-40B1-85E4-06360B1F858D}"
EndProject
Project("{9A19103F-16F7-4668-BE54-9A1E7A4F7556}") = "Shared", "src\BuildingBlocks\Shared\Shared.csproj", "{EE71A4E5-BABA-4969-A871-80C6F4ECF8CF}"
EndProject
Project("{9A19103F-16F7-4668-BE54-9A1E7A4F7556}") = "Basket.API", "src\Services\Basket.API\Basket.API.csproj", "{B26450A4-1BE0-4E00-9D92-F8DD886C9973}"
EndProject
Project("{9A19103F-16F7-4668-BE54-9A1E7A4F7556}") = "Customer.API", "src\Services\Customer.API\Customer.API.csproj", "{A4315FA0-07C8-4A23-A39F-023C0E090A3B}"
EndProject
Project("{9A19103F-16F7-4668-BE54-9A1E7A4F7556}") = "Inventory.API", "src\Services\Inventory.API\Inventory.API.csproj", "{DCDDCD76-7A6B-4ECB-BB6D-4D3557E8E401}"
EndProject
Project("{9A19103F-16F7-4668-BE54-9A1E7A4F7556}") = "Product.API", "src\Services\Product.API\Product.API.csproj", "{5E5C8CF0-283D-4DF7-97F3-28AE3C7050D6}"
EndProject
Project("{9A19103F-16F7-4668-BE54-9A1E7A4F7556}") = "Hangfire.API", "src\Services\Hangfire.API\Hangfire.API.csproj", "{C70593CD-FC09-48B1-9EC5-DBDB226E24B1}"
EndProject
Project("{9A19103F-16F7-4668-BE54-9A1E7A4F7556}") = "WebHealthStatus", "src\WebApps\WebHealthStatus\WebHealthStatus.csproj", "{81D9B7B1-7512-492C-A910-238C4D315728}"
EndProject
Project("{9A19103F-16F7-4668-BE54-9A1E7A4F7556}") = "Ordering.API", "src\Services\Ordering\Ordering.API\Ordering.API.csproj", "{057D7ADF-B38A-4E20-92CD-2AC6252897E5}"
EndProject
Project("{9A19103F-16F7-4668-BE54-9A1E7A4F7556}") = "Ordering.Application", "src\Services\Ordering\Ordering.Application\Ordering.Application.csproj", "{8EF8DBBC-A29B-4DA8-8A84-B59AE538317E}"
EndProject
Project("{9A19103F-16F7-4668-BE54-9A1E7A4F7556}") = "Ordering.Domain", "src\Services\Ordering\Ordering.Domain\Ordering.Domain.csproj", "{6EB0AA85-0755-404D-9261-E6432D7B01A2}"
EndProject
Project("{9A19103F-16F7-4668-BE54-9A1E7A4F7556}") = "Ordering.Infrastructure", "src\Services\Ordering\Ordering.Infrastructure\Ordering.Infrastructure.csproj", "{4A66AFC0-961A-4AB0-BF80-254B6368F638}"
EndProject
Project("{9A19103F-16F7-4668-BE54-9A1E7A4F7556}") = "Ordering.Subscriber", "src\Services\Ordering\Ordering.Subscriber\Ordering.Subscriber.csproj", "{7A57A0B8-59C9-4C76-A02E-339884ED3A8E}"
EndProject
Project("{2150E333-8FDC-42A3-9474-1A3956D46DE8}") = "EventBus", "EventBus", "{ED921765-F062-4D55-8127-17304FF8DA83}"
EndProject
Global
	GlobalSection(SolutionConfigurationPlatforms) = preSolution
		Debug|Any CPU = Debug|Any CPU
		Release|Any CPU = Release|Any CPU
	EndGlobalSection
	GlobalSection(ProjectConfigurationPlatforms) = postSolution
		{9E6ABF68-1FCA-4401-B0BA-BE5A0DD14CCD}.Debug|Any CPU.ActiveCfg = Debug|Any CPU
		{9E6ABF68-1FCA-4401-B0BA-BE5A0DD14CCD}.Debug|Any CPU.Build.0 = Debug|Any CPU
		{9E6ABF68-1FCA-4401-B0BA-BE5A0DD14CCD}.Release|Any CPU.ActiveCfg = Release|Any CPU
		{9E6ABF68-1FCA-4401-B0BA-BE5A0DD14CCD}.Release|Any CPU.Build.0 = Release|Any CPU
		{12E38D61-B298-4E1D-98F9-16C04A4AF2B4}.Debug|Any CPU.ActiveCfg = Debug|Any CPU
		{12E38D61-B298-4E1D-98F9-16C04A4AF2B4}.Debug|Any CPU.Build.0 = Debug|Any CPU
		{12E38D61-B298-4E1D-98F9-16C04A4AF2B4}.Release|Any CPU.ActiveCfg = Release|Any CPU
		{12E38D61-B298-4E1D-98F9-16C04A4AF2B4}.Release|Any CPU.Build.0 = Release|Any CPU
		{27B4BB60-FBC8-483E-B183-8E02B5DC563D}.Debug|Any CPU.ActiveCfg = Debug|Any CPU
		{27B4BB60-FBC8-483E-B183-8E02B5DC563D}.Debug|Any CPU.Build.0 = Debug|Any CPU
		{27B4BB60-FBC8-483E-B183-8E02B5DC563D}.Release|Any CPU.ActiveCfg = Release|Any CPU
		{27B4BB60-FBC8-483E-B183-8E02B5DC563D}.Release|Any CPU.Build.0 = Release|Any CPU
		{6DB5310C-7236-4F27-83A5-071BDF02E056}.Debug|Any CPU.ActiveCfg = Debug|Any CPU
		{6DB5310C-7236-4F27-83A5-071BDF02E056}.Debug|Any CPU.Build.0 = Debug|Any CPU
		{6DB5310C-7236-4F27-83A5-071BDF02E056}.Release|Any CPU.ActiveCfg = Release|Any CPU
		{6DB5310C-7236-4F27-83A5-071BDF02E056}.Release|Any CPU.Build.0 = Release|Any CPU
		{47407B15-2DFF-40B1-85E4-06360B1F858D}.Debug|Any CPU.ActiveCfg = Debug|Any CPU
		{47407B15-2DFF-40B1-85E4-06360B1F858D}.Debug|Any CPU.Build.0 = Debug|Any CPU
		{47407B15-2DFF-40B1-85E4-06360B1F858D}.Release|Any CPU.ActiveCfg = Release|Any CPU
		{47407B15-2DFF-40B1-85E4-06360B1F858D}.Release|Any CPU.Build.0 = Release|Any CPU
		{EE71A4E5-BABA-4969-A871-80C6F4ECF8CF}.Debug|Any CPU.ActiveCfg = Debug|Any CPU
		{EE71A4E5-BABA-4969-A871-80C6F4ECF8CF}.Debug|Any CPU.Build.0 = Debug|Any CPU
		{EE71A4E5-BABA-4969-A871-80C6F4ECF8CF}.Release|Any CPU.ActiveCfg = Release|Any CPU
		{EE71A4E5-BABA-4969-A871-80C6F4ECF8CF}.Release|Any CPU.Build.0 = Release|Any CPU
		{B26450A4-1BE0-4E00-9D92-F8DD886C9973}.Debug|Any CPU.ActiveCfg = Debug|Any CPU
		{B26450A4-1BE0-4E00-9D92-F8DD886C9973}.Debug|Any CPU.Build.0 = Debug|Any CPU
		{B26450A4-1BE0-4E00-9D92-F8DD886C9973}.Release|Any CPU.ActiveCfg = Release|Any CPU
		{B26450A4-1BE0-4E00-9D92-F8DD886C9973}.Release|Any CPU.Build.0 = Release|Any CPU
		{A4315FA0-07C8-4A23-A39F-023C0E090A3B}.Debug|Any CPU.ActiveCfg = Debug|Any CPU
		{A4315FA0-07C8-4A23-A39F-023C0E090A3B}.Debug|Any CPU.Build.0 = Debug|Any CPU
		{A4315FA0-07C8-4A23-A39F-023C0E090A3B}.Release|Any CPU.ActiveCfg = Release|Any CPU
		{A4315FA0-07C8-4A23-A39F-023C0E090A3B}.Release|Any CPU.Build.0 = Release|Any CPU
		{DCDDCD76-7A6B-4ECB-BB6D-4D3557E8E401}.Debug|Any CPU.ActiveCfg = Debug|Any CPU
		{DCDDCD76-7A6B-4ECB-BB6D-4D3557E8E401}.Debug|Any CPU.Build.0 = Debug|Any CPU
		{DCDDCD76-7A6B-4ECB-BB6D-4D3557E8E401}.Release|Any CPU.ActiveCfg = Release|Any CPU
		{DCDDCD76-7A6B-4ECB-BB6D-4D3557E8E401}.Release|Any CPU.Build.0 = Release|Any CPU
		{5E5C8CF0-283D-4DF7-97F3-28AE3C7050D6}.Debug|Any CPU.ActiveCfg = Debug|Any CPU
		{5E5C8CF0-283D-4DF7-97F3-28AE3C7050D6}.Debug|Any CPU.Build.0 = Debug|Any CPU
		{5E5C8CF0-283D-4DF7-97F3-28AE3C7050D6}.Release|Any CPU.ActiveCfg = Release|Any CPU
		{5E5C8CF0-283D-4DF7-97F3-28AE3C7050D6}.Release|Any CPU.Build.0 = Release|Any CPU
		{C70593CD-FC09-48B1-9EC5-DBDB226E24B1}.Debug|Any CPU.ActiveCfg = Debug|Any CPU
		{C70593CD-FC09-48B1-9EC5-DBDB226E24B1}.Debug|Any CPU.Build.0 = Debug|Any CPU
		{C70593CD-FC09-48B1-9EC5-DBDB226E24B1}.Release|Any CPU.ActiveCfg = Release|Any CPU
		{C70593CD-FC09-48B1-9EC5-DBDB226E24B1}.Release|Any CPU.Build.0 = Release|Any CPU
		{81D9B7B1-7512-492C-A910-238C4D315728}.Debug|Any CPU.ActiveCfg = Debug|Any CPU
		{81D9B7B1-7512-492C-A910-238C4D315728}.Debug|Any CPU.Build.0 = Debug|Any CPU
		{81D9B7B1-7512-492C-A910-238C4D315728}.Release|Any CPU.ActiveCfg = Release|Any CPU
		{81D9B7B1-7512-492C-A910-238C4D315728}.Release|Any CPU.Build.0 = Release|Any CPU
		{057D7ADF-B38A-4E20-92CD-2AC6252897E5}.Debug|Any CPU.ActiveCfg = Debug|Any CPU
		{057D7ADF-B38A-4E20-92CD-2AC6252897E5}.Debug|Any CPU.Build.0 = Debug|Any CPU
		{057D7ADF-B38A-4E20-92CD-2AC6252897E5}.Release|Any CPU.ActiveCfg = Release|Any CPU
		{057D7ADF-B38A-4E20-92CD-2AC6252897E5}.Release|Any CPU.Build.0 = Release|Any CPU
		{8EF8DBBC-A29B-4DA8-8A84-B59AE538317E}.Debug|Any CPU.ActiveCfg = Debug|Any CPU
		{8EF8DBBC-A29B-4DA8-8A84-B59AE538317E}.Debug|Any CPU.Build.0 = Debug|Any CPU
		{8EF8DBBC-A29B-4DA8-8A84-B59AE538317E}.Release|Any CPU.ActiveCfg = Release|Any CPU
		{8EF8DBBC-A29B-4DA8-8A84-B59AE538317E}.Release|Any CPU.Build.0 = Release|Any CPU
		{6EB0AA85-0755-404D-9261-E6432D7B01A2}.Debug|Any CPU.ActiveCfg = Debug|Any CPU
		{6EB0AA85-0755-404D-9261-E6432D7B01A2}.Debug|Any CPU.Build.0 = Debug|Any CPU
		{6EB0AA85-0755-404D-9261-E6432D7B01A2}.Release|Any CPU.ActiveCfg = Release|Any CPU
		{6EB0AA85-0755-404D-9261-E6432D7B01A2}.Release|Any CPU.Build.0 = Release|Any CPU
		{4A66AFC0-961A-4AB0-BF80-254B6368F638}.Debug|Any CPU.ActiveCfg = Debug|Any CPU
		{4A66AFC0-961A-4AB0-BF80-254B6368F638}.Debug|Any CPU.Build.0 = Debug|Any CPU
		{4A66AFC0-961A-4AB0-BF80-254B6368F638}.Release|Any CPU.ActiveCfg = Release|Any CPU
		{4A66AFC0-961A-4AB0-BF80-254B6368F638}.Release|Any CPU.Build.0 = Release|Any CPU
		{7A57A0B8-59C9-4C76-A02E-339884ED3A8E}.Debug|Any CPU.ActiveCfg = Debug|Any CPU
		{7A57A0B8-59C9-4C76-A02E-339884ED3A8E}.Debug|Any CPU.Build.0 = Debug|Any CPU
		{7A57A0B8-59C9-4C76-A02E-339884ED3A8E}.Release|Any CPU.ActiveCfg = Release|Any CPU
		{7A57A0B8-59C9-4C76-A02E-339884ED3A8E}.Release|Any CPU.Build.0 = Release|Any CPU
	EndGlobalSection
	GlobalSection(SolutionProperties) = preSolution
		HideSolutionNode = FALSE
	EndGlobalSection
	GlobalSection(NestedProjects) = preSolution
		{B4285060-DD24-4BF1-AF41-C5D2E7EFC686} = {80EB5DBA-B7D5-493A-BAE2-F3F562353D26}
		{2457BEA9-A185-4563-AF29-D41E613761E4} = {80EB5DBA-B7D5-493A-BAE2-F3F562353D26}
		{36EE3A12-A6B8-460C-9255-7B58B82DBC8C} = {80EB5DBA-B7D5-493A-BAE2-F3F562353D26}
		{139C8B75-3666-4775-AD9A-861705D1C544} = {80EB5DBA-B7D5-493A-BAE2-F3F562353D26}
		{B16E64B0-F9C8-4B4A-AC93-13D1599B61CE} = {36EE3A12-A6B8-460C-9255-7B58B82DBC8C}
		{0FF10B7D-2FCD-4E45-8406-77CECA216A98} = {36EE3A12-A6B8-460C-9255-7B58B82DBC8C}
		{1B3BB53A-1D72-435A-B69B-EF94A8B50235} = {36EE3A12-A6B8-460C-9255-7B58B82DBC8C}
		{D641CCD0-36C6-41FE-9CB3-BFECAFF68837} = {36EE3A12-A6B8-460C-9255-7B58B82DBC8C}
		{B77D52E1-185C-4829-AA3B-CEB93364D8BC} = {36EE3A12-A6B8-460C-9255-7B58B82DBC8C}
		{F70F29C8-C7E5-4D5D-8563-F8EC4DF88C2D} = {36EE3A12-A6B8-460C-9255-7B58B82DBC8C}
		{9E6ABF68-1FCA-4401-B0BA-BE5A0DD14CCD} = {139C8B75-3666-4775-AD9A-861705D1C544}
		{12E38D61-B298-4E1D-98F9-16C04A4AF2B4} = {B4285060-DD24-4BF1-AF41-C5D2E7EFC686}
		{27B4BB60-FBC8-483E-B183-8E02B5DC563D} = {B4285060-DD24-4BF1-AF41-C5D2E7EFC686}
		{6DB5310C-7236-4F27-83A5-071BDF02E056} = {ED921765-F062-4D55-8127-17304FF8DA83}
		{47407B15-2DFF-40B1-85E4-06360B1F858D} = {B4285060-DD24-4BF1-AF41-C5D2E7EFC686}
		{EE71A4E5-BABA-4969-A871-80C6F4ECF8CF} = {B4285060-DD24-4BF1-AF41-C5D2E7EFC686}
		{B26450A4-1BE0-4E00-9D92-F8DD886C9973} = {B16E64B0-F9C8-4B4A-AC93-13D1599B61CE}
		{A4315FA0-07C8-4A23-A39F-023C0E090A3B} = {0FF10B7D-2FCD-4E45-8406-77CECA216A98}
		{DCDDCD76-7A6B-4ECB-BB6D-4D3557E8E401} = {B77D52E1-185C-4829-AA3B-CEB93364D8BC}
		{5E5C8CF0-283D-4DF7-97F3-28AE3C7050D6} = {D641CCD0-36C6-41FE-9CB3-BFECAFF68837}
		{C70593CD-FC09-48B1-9EC5-DBDB226E24B1} = {F70F29C8-C7E5-4D5D-8563-F8EC4DF88C2D}
		{81D9B7B1-7512-492C-A910-238C4D315728} = {2457BEA9-A185-4563-AF29-D41E613761E4}
		{057D7ADF-B38A-4E20-92CD-2AC6252897E5} = {1B3BB53A-1D72-435A-B69B-EF94A8B50235}
		{8EF8DBBC-A29B-4DA8-8A84-B59AE538317E} = {1B3BB53A-1D72-435A-B69B-EF94A8B50235}
		{6EB0AA85-0755-404D-9261-E6432D7B01A2} = {1B3BB53A-1D72-435A-B69B-EF94A8B50235}
		{4A66AFC0-961A-4AB0-BF80-254B6368F638} = {1B3BB53A-1D72-435A-B69B-EF94A8B50235}
		{7A57A0B8-59C9-4C76-A02E-339884ED3A8E} = {1B3BB53A-1D72-435A-B69B-EF94A8B50235}
		{ED921765-F062-4D55-8127-17304FF8DA83} = {B4285060-DD24-4BF1-AF41-C5D2E7EFC686}
	EndGlobalSection
	GlobalSection(ExtensibilityGlobals) = postSolution
		SolutionGuid = {D5EAE332-E5EE-4C90-8AC5-BA15CFC286F4}
	EndGlobalSection
EndGlobal
